
Microsoft Visual Studio Solution File, Format Version 12.00
# Visual Studio Version 17
VisualStudioVersion = 17.5.002.0
MinimumVisualStudioVersion = 10.0.40219.1
Project("{9A19103F-16F7-4668-BE54-9A1E7A4F7556}") = "LethalTerminalExtender", "LethalTerminalExtender.csproj", "{298E0607-8373-416C-A553-762463858E97}"
EndProject
Global
	GlobalSection(SolutionConfigurationPlatforms) = preSolution
		Debug|Any CPU = Debug|Any CPU
		Release|Any CPU = Release|Any CPU
	EndGlobalSection
	GlobalSection(ProjectConfigurationPlatforms) = postSolution
		{298E0607-8373-416C-A553-762463858E97}.Debug|Any CPU.ActiveCfg = Debug|Any CPU
		{298E0607-8373-416C-A553-762463858E97}.Debug|Any CPU.Build.0 = Debug|Any CPU
		{298E0607-8373-416C-A553-762463858E97}.Release|Any CPU.ActiveCfg = Release|Any CPU
		{298E0607-8373-416C-A553-762463858E97}.Release|Any CPU.Build.0 = Release|Any CPU
	EndGlobalSection
	GlobalSection(SolutionProperties) = preSolution
		HideSolutionNode = FALSE
	EndGlobalSection
	GlobalSection(ExtensibilityGlobals) = postSolution
		SolutionGuid = {A3F1A857-D452-4541-983B-72F70E857683}
	EndGlobalSection
EndGlobal
